
Microsoft Visual Studio Solution File, Format Version 12.00
# Visual Studio 15
VisualStudioVersion = 15.0.27703.2042
MinimumVisualStudioVersion = 10.0.40219.1
Project("{9A19103F-16F7-4668-BE54-9A1E7A4F7556}") = "DataConverter", "DataConverter\DataConverter.csproj", "{A508B282-B2CC-465B-BB6C-B73377DB3F1D}"
EndProject
Project("{FAE04EC0-301F-11D3-BF4B-00C04F79EFBC}") = "SalesReporter", "SalesReporter\SalesReporter.csproj", "{2DCA697C-55DD-4AF7-AE65-A647977EBE14}"
EndProject
Global
	GlobalSection(SolutionConfigurationPlatforms) = preSolution
		Debug|Any CPU = Debug|Any CPU
		Release|Any CPU = Release|Any CPU
	EndGlobalSection
	GlobalSection(ProjectConfigurationPlatforms) = postSolution
		{A508B282-B2CC-465B-BB6C-B73377DB3F1D}.Debug|Any CPU.ActiveCfg = Debug|Any CPU
		{A508B282-B2CC-465B-BB6C-B73377DB3F1D}.Debug|Any CPU.Build.0 = Debug|Any CPU
		{A508B282-B2CC-465B-BB6C-B73377DB3F1D}.Release|Any CPU.ActiveCfg = Release|Any CPU
		{A508B282-B2CC-465B-BB6C-B73377DB3F1D}.Release|Any CPU.Build.0 = Release|Any CPU
		{2DCA697C-55DD-4AF7-AE65-A647977EBE14}.Debug|Any CPU.ActiveCfg = Debug|Any CPU
		{2DCA697C-55DD-4AF7-AE65-A647977EBE14}.Debug|Any CPU.Build.0 = Debug|Any CPU
		{2DCA697C-55DD-4AF7-AE65-A647977EBE14}.Release|Any CPU.ActiveCfg = Release|Any CPU
		{2DCA697C-55DD-4AF7-AE65-A647977EBE14}.Release|Any CPU.Build.0 = Release|Any CPU
	EndGlobalSection
	GlobalSection(SolutionProperties) = preSolution
		HideSolutionNode = FALSE
	EndGlobalSection
	GlobalSection(ExtensibilityGlobals) = postSolution
		SolutionGuid = {330D13EF-23A8-4FE7-B4F2-8C3F0651F893}
	EndGlobalSection
EndGlobal
